// !$*UTF8*$!
{
	archiveVersion = 1;
	classes = {
	};
	objectVersion = 77;
	objects = {

/* Begin PBXBuildFile section */
		966DFB112F3CB1D400A90038 /* Kingfisher in Frameworks */ = {isa = PBXBuildFile; productRef = 966DFB102F3CB1D400A90038 /* Kingfisher */; };
		3DBE02F2FDF951D1BC21934C = {isa = PBXBuildFile; fileRef = CDDC88C6A7E230715930403E; };
		BE8DD8C3FC26DA595E9014E0 = {isa = PBXBuildFile; fileRef = 7E854CFF1895CF84B38EBBC7; };
		EE1F45202AC9EFF5CA1F67E1 = {isa = PBXBuildFile; fileRef = 81B7D5CD18732D4C1480223B; };
		AE281527F660C1F1C96BBBAE = {isa = PBXBuildFile; fileRef = 8F48F24199D94485A9B2C5B2; };
		F11DF3BD5C32ED229D2EEE9F = {isa = PBXBuildFile; fileRef = 786DB6D79AC46041B2A8A16F; };
		10F358EDB89A10FC34F3E75C = {isa = PBXBuildFile; fileRef = 8E7420E5153E135CD4D1B1C3; };
DF300F72D7E96A9559966CE5 = {isa = PBXBuildFile; fileRef = F34BC4C2715E0099AFEFED8A; };
317507668C101B18853A810A = {isa = PBXBuildFile; fileRef = 850F5E2D5400C2DE65F59CBA; };
5223F8458EC02927C4A6A20D = {isa = PBXBuildFile; fileRef = EC8DA741C92B3568A0475534; };
F0E271C51727971AD85771E1 = {isa = PBXBuildFile; fileRef = 47C915F2A919A254BBBD4620; };
E397B8D51A12C4CDD437C9E6 = {isa = PBXBuildFile; fileRef = 5417D66C2F34095661D21E40; };
A45DA34D57D85D4A979834B9 = {isa = PBXBuildFile; fileRef = 3C7254C77E50F7B6F68AB5EB; };
/* End PBXBuildFile section */

/* Begin PBXFileReference section */
		966DFAB32F3C7CF500A90038 /* ZenPlayer.app */ = {isa = PBXFileReference; explicitFileType = wrapper.application; includeInIndex = 0; path = ZenPlayer.app; sourceTree = BUILT_PRODUCTS_DIR; };
		CDDC88C6A7E230715930403E = {isa = PBXFileReference; lastKnownFileType = sourcecode.swift; path = "ZenPlayer/Models/Episode.swift"; sourceTree = SOURCE_ROOT; };
		7E854CFF1895CF84B38EBBC7 = {isa = PBXFileReference; lastKnownFileType = sourcecode.swift; path = "ZenPlayer/Models/PlaybackContext.swift"; sourceTree = SOURCE_ROOT; };
		81B7D5CD18732D4C1480223B = {isa = PBXFileReference; lastKnownFileType = sourcecode.swift; path = "ZenPlayer/Models/PlaybackMediaType.swift"; sourceTree = SOURCE_ROOT; };
		8F48F24199D94485A9B2C5B2 = {isa = PBXFileReference; lastKnownFileType = sourcecode.swift; path = "ZenPlayer/Models/RecentPlaybackRecord.swift"; sourceTree = SOURCE_ROOT; };
		786DB6D79AC46041B2A8A16F = {isa = PBXFileReference; lastKnownFileType = sourcecode.swift; path = "ZenPlayer/Localization/L10n.swift"; sourceTree = SOURCE_ROOT; };
		8E7420E5153E135CD4D1B1C3 = {isa = PBXFileReference; lastKnownFileType = sourcecode.swift; path = "ZenPlayer/Localization/L10nKey.swift"; sourceTree = SOURCE_ROOT; };
		E7B5ED7645AD14A41700C100 = {isa = PBXFileReference; explicitFileType = wrapper.cfbundle; path = ZenPlayerTests.xctest; sourceTree = BUILT_PRODUCTS_DIR; };
F34BC4C2715E0099AFEFED8A = {isa = PBXFileReference; lastKnownFileType = sourcecode.swift; path = "ZenPlayer/Models/PlaybackProgress.swift"; sourceTree = SOURCE_ROOT; };
850F5E2D5400C2DE65F59CBA = {isa = PBXFileReference; lastKnownFileType = sourcecode.swift; path = "ZenPlayer/Services/FileProgressPersistence.swift"; sourceTree = SOURCE_ROOT; };
EC8DA741C92B3568A0475534 = {isa = PBXFileReference; lastKnownFileType = sourcecode.swift; path = "ZenPlayer/Services/PlaybackProgressStore.swift"; sourceTree = SOURCE_ROOT; };
47C915F2A919A254BBBD4620 = {isa = PBXFileReference; lastKnownFileType = sourcecode.swift; path = "ZenPlayer/Services/LegacyProgressMigration.swift"; sourceTree = SOURCE_ROOT; };
5417D66C2F34095661D21E40 = {isa = PBXFileReference; lastKnownFileType = sourcecode.swift; path = "ZenPlayer/Services/RecentPlaybackStore.swift"; sourceTree = SOURCE_ROOT; };
3C7254C77E50F7B6F68AB5EB = {isa = PBXFileReference; lastKnownFileType = sourcecode.swift; path = "ZenPlayer/Services/PlaybackProgressGate.swift"; sourceTree = SOURCE_ROOT; };
/* End PBXFileReference section */

/* Begin PBXFileSystemSynchronizedBuildFileExceptionSet section */
		966DFB412F3D7E3300A90038 /* Exceptions for "ZenPlayer" folder in "ZenPlayer" target */ = {
			isa = PBXFileSystemSynchronizedBuildFileExceptionSet;
			membershipExceptions = (
				Info.plist,
			);
			target = 966DFAB22F3C7CF500A90038 /* ZenPlayer */;
		};
/* End PBXFileSystemSynchronizedBuildFileExceptionSet section */

/* Begin PBXFileSystemSynchronizedRootGroup section */
		966DFAB52F3C7CF500A90038 /* ZenPlayer */ = {
			isa = PBXFileSystemSynchronizedRootGroup;
			exceptions = (
				966DFB412F3D7E3300A90038 /* Exceptions for "ZenPlayer" folder in "ZenPlayer" target */,
			);
			path = ZenPlayer;
			sourceTree = "<group>";
		};
		80809447C77624C433F53504 = {isa = PBXFileSystemSynchronizedRootGroup; path = ZenPlayerTests; sourceTree = "<group>"; };
/* End PBXFileSystemSynchronizedRootGroup section */

/* Begin PBXFrameworksBuildPhase section */
		966DFAB02F3C7CF500A90038 /* Frameworks */ = {
			isa = PBXFrameworksBuildPhase;
			buildActionMask = 2147483647;
			files = (
				966DFB112F3CB1D400A90038 /* Kingfisher in Frameworks */,
			);
			runOnlyForDeploymentPostprocessing = 0;
		};
/* End PBXFrameworksBuildPhase section */

/* Begin PBXGroup section */
		966DFAAA2F3C7CF500A90038 = {
			isa = PBXGroup;
			children = (
				80809447C77624C433F53504 /* ZenPlayerTests */,
				966DFAB52F3C7CF500A90038 /* ZenPlayer */,
				966DFAB42F3C7CF500A90038 /* Products */,
			);
			sourceTree = "<group>";
		};
		966DFAB42F3C7CF500A90038 /* Products */ = {
			isa = PBXGroup;
			children = (
				966DFAB32F3C7CF500A90038 /* ZenPlayer.app */,
				E7B5ED7645AD14A41700C100 /* ZenPlayerTests.xctest */,
			);
			name = Products;
			sourceTree = "<group>";
		};
/* End PBXGroup section */

/* Begin PBXNativeTarget section */
		966DFAB22F3C7CF500A90038 /* ZenPlayer */ = {
			isa = PBXNativeTarget;
			buildConfigurationList = 966DFABE2F3C7CF600A90038 /* Build configuration list for PBXNativeTarget "ZenPlayer" */;
			buildPhases = (
				966DFAAF2F3C7CF500A90038 /* Sources */,
				966DFAB02F3C7CF500A90038 /* Frameworks */,
				966DFAB12F3C7CF500A90038 /* Resources */,
			);
			buildRules = (
			);
			dependencies = (
			);
			fileSystemSynchronizedGroups = (
				966DFAB52F3C7CF500A90038 /* ZenPlayer */,
			);
			name = ZenPlayer;
			packageProductDependencies = (
				966DFB102F3CB1D400A90038 /* Kingfisher */,
			);
			productName = ZenPlayer;
			productReference = 966DFAB32F3C7CF500A90038 /* ZenPlayer.app */;
			productType = "com.apple.product-type.application";
		};
		2BCA9D46132ED3B9F3736F87 = {isa = PBXNativeTarget; buildConfigurationList = C7FEF3ED74640E71D4564C6A; buildPhases = (62AB01C7BD8CDABF9CB25179, 527884A0193ABCFFBD4F69B9,); buildRules = (); dependencies = (); fileSystemSynchronizedGroups = (80809447C77624C433F53504,); name = ZenPlayerTests; productName = ZenPlayerTests; productReference = E7B5ED7645AD14A41700C100; productType = "com.apple.product-type.bundle.unit-test"; };
/* End PBXNativeTarget section */

/* Begin PBXProject section */
		966DFAAB2F3C7CF500A90038 /* Project object */ = {
			isa = PBXProject;
			attributes = {
				BuildIndependentTargetsInParallel = 1;
				LastSwiftUpdateCheck = 2620;
				LastUpgradeCheck = 2620;
				TargetAttributes = {
					966DFAB22F3C7CF500A90038 = {
						CreatedOnToolsVersion = 26.2;
					};
				};
			};
			buildConfigurationList = 966DFAAE2F3C7CF500A90038 /* Build configuration list for PBXProject "ZenPlayer" */;
			developmentRegion = "zh-Hant";
			hasScannedForEncodings = 0;
			knownRegions = (
				Base,
				"zh-Hant",
			);
			mainGroup = 966DFAAA2F3C7CF500A90038;
			minimizedProjectReferenceProxies = 1;
			packageReferences = (
				966DFB0F2F3CB1D400A90038 /* XCRemoteSwiftPackageReference "Kingfisher" */,
			);
			preferredProjectObjectVersion = 77;
			productRefGroup = 966DFAB42F3C7CF500A90038 /* Products */;
			projectDirPath = "";
			projectRoot = "";
			targets = (
				2BCA9D46132ED3B9F3736F87 /* ZenPlayerTests */,
				966DFAB22F3C7CF500A90038 /* ZenPlayer */,
			);
		};
/* End PBXProject section */

/* Begin PBXResourcesBuildPhase section */
		966DFAB12F3C7CF500A90038 /* Resources */ = {
			isa = PBXResourcesBuildPhase;
			buildActionMask = 2147483647;
			files = (
			);
			runOnlyForDeploymentPostprocessing = 0;
		};
527884A0193ABCFFBD4F69B9 = {isa = PBXResourcesBuildPhase; buildActionMask = 2147483647; files = (); runOnlyForDeploymentPostprocessing = 0; };
/* End PBXResourcesBuildPhase section */

/* Begin PBXSourcesBuildPhase section */
		966DFAAF2F3C7CF500A90038 /* Sources */ = {
			isa = PBXSourcesBuildPhase;
			buildActionMask = 2147483647;
			files = (
			);
			runOnlyForDeploymentPostprocessing = 0;
		};
		62AB01C7BD8CDABF9CB25179 = {isa = PBXSourcesBuildPhase; buildActionMask = 2147483647; files = (A45DA34D57D85D4A979834B9, E397B8D51A12C4CDD437C9E6, F0E271C51727971AD85771E1, 5223F8458EC02927C4A6A20D, 317507668C101B18853A810A, DF300F72D7E96A9559966CE5, 3DBE02F2FDF951D1BC21934C, BE8DD8C3FC26DA595E9014E0, EE1F45202AC9EFF5CA1F67E1, AE281527F660C1F1C96BBBAE, F11DF3BD5C32ED229D2EEE9F, 10F358EDB89A10FC34F3E75C,); runOnlyForDeploymentPostprocessing = 0; };
/* End PBXSourcesBuildPhase section */

/* Begin XCBuildConfiguration section */
		966DFABC2F3C7CF600A90038 /* Debug */ = {
			isa = XCBuildConfiguration;
			buildSettings = {
				ALWAYS_SEARCH_USER_PATHS = NO;
				ASSETCATALOG_COMPILER_GENERATE_SWIFT_ASSET_SYMBOL_EXTENSIONS = YES;
				CLANG_ANALYZER_NONNULL = YES;
				CLANG_ANALYZER_NUMBER_OBJECT_CONVERSION = YES_AGGRESSIVE;
				CLANG_CXX_LANGUAGE_STANDARD = "gnu++20";
				CLANG_ENABLE_MODULES = YES;
				CLANG_ENABLE_OBJC_ARC = YES;
				CLANG_ENABLE_OBJC_WEAK = YES;
				CLANG_WARN_BLOCK_CAPTURE_AUTORELEASING = YES;
				CLANG_WARN_BOOL_CONVERSION = YES;
				CLANG_WARN_COMMA = YES;
				CLANG_WARN_CONSTANT_CONVERSION = YES;
				CLANG_WARN_DEPRECATED_OBJC_IMPLEMENTATIONS = YES;
				CLANG_WARN_DIRECT_OBJC_ISA_USAGE = YES_ERROR;
				CLANG_WARN_DOCUMENTATION_COMMENTS = YES;
				CLANG_WARN_EMPTY_BODY = YES;
				CLANG_WARN_ENUM_CONVERSION = YES;
				CLANG_WARN_INFINITE_RECURSION = YES;
				CLANG_WARN_INT_CONVERSION = YES;
				CLANG_WARN_NON_LITERAL_NULL_CONVERSION = YES;
				CLANG_WARN_OBJC_IMPLICIT_RETAIN_SELF = YES;
				CLANG_WARN_OBJC_LITERAL_CONVERSION = YES;
				CLANG_WARN_OBJC_ROOT_CLASS = YES_ERROR;
				CLANG_WARN_QUOTED_INCLUDE_IN_FRAMEWORK_HEADER = YES;
				CLANG_WARN_RANGE_LOOP_ANALYSIS = YES;
				CLANG_WARN_STRICT_PROTOTYPES = YES;
				CLANG_WARN_SUSPICIOUS_MOVE = YES;
				CLANG_WARN_UNGUARDED_AVAILABILITY = YES_AGGRESSIVE;
				CLANG_WARN_UNREACHABLE_CODE = YES;
				CLANG_WARN__DUPLICATE_METHOD_MATCH = YES;
				COPY_PHASE_STRIP = NO;
				DEBUG_INFORMATION_FORMAT = dwarf;
				ENABLE_STRICT_OBJC_MSGSEND = YES;
				ENABLE_TESTABILITY = YES;
				ENABLE_USER_SCRIPT_SANDBOXING = YES;
				GCC_C_LANGUAGE_STANDARD = gnu17;
				GCC_DYNAMIC_NO_PIC = NO;
				GCC_NO_COMMON_BLOCKS = YES;
				GCC_OPTIMIZATION_LEVEL = 0;
				GCC_PREPROCESSOR_DEFINITIONS = (
					"DEBUG=1",
					"$(inherited)",
				);
				GCC_WARN_64_TO_32_BIT_CONVERSION = YES;
				GCC_WARN_ABOUT_RETURN_TYPE = YES_ERROR;
				GCC_WARN_UNDECLARED_SELECTOR = YES;
				GCC_WARN_UNINITIALIZED_AUTOS = YES_AGGRESSIVE;
				GCC_WARN_UNUSED_FUNCTION = YES;
				GCC_WARN_UNUSED_VARIABLE = YES;
				LOCALIZATION_PREFERS_STRING_CATALOGS = YES;
				MACOSX_DEPLOYMENT_TARGET = 26.2;
				MTL_ENABLE_DEBUG_INFO = INCLUDE_SOURCE;
				MTL_FAST_MATH = YES;
				ONLY_ACTIVE_ARCH = YES;
				SDKROOT = macosx;
				SWIFT_ACTIVE_COMPILATION_CONDITIONS = "DEBUG $(inherited)";
				SWIFT_OPTIMIZATION_LEVEL = "-Onone";
			};
			name = Debug;
		};
		966DFABD2F3C7CF600A90038 /* Release */ = {
			isa = XCBuildConfiguration;
			buildSettings = {
				ALWAYS_SEARCH_USER_PATHS = NO;
				ASSETCATALOG_COMPILER_GENERATE_SWIFT_ASSET_SYMBOL_EXTENSIONS = YES;
				CLANG_ANALYZER_NONNULL = YES;
				CLANG_ANALYZER_NUMBER_OBJECT_CONVERSION = YES_AGGRESSIVE;
				CLANG_CXX_LANGUAGE_STANDARD = "gnu++20";
				CLANG_ENABLE_MODULES = YES;
				CLANG_ENABLE_OBJC_ARC = YES;
				CLANG_ENABLE_OBJC_WEAK = YES;
				CLANG_WARN_BLOCK_CAPTURE_AUTORELEASING = YES;
				CLANG_WARN_BOOL_CONVERSION = YES;
				CLANG_WARN_COMMA = YES;
				CLANG_WARN_CONSTANT_CONVERSION = YES;
				CLANG_WARN_DEPRECATED_OBJC_IMPLEMENTATIONS = YES;
				CLANG_WARN_DIRECT_OBJC_ISA_USAGE = YES_ERROR;
				CLANG_WARN_DOCUMENTATION_COMMENTS = YES;
				CLANG_WARN_EMPTY_BODY = YES;
				CLANG_WARN_ENUM_CONVERSION = YES;
				CLANG_WARN_INFINITE_RECURSION = YES;
				CLANG_WARN_INT_CONVERSION = YES;
				CLANG_WARN_NON_LITERAL_NULL_CONVERSION = YES;
				CLANG_WARN_OBJC_IMPLICIT_RETAIN_SELF = YES;
				CLANG_WARN_OBJC_LITERAL_CONVERSION = YES;
				CLANG_WARN_OBJC_ROOT_CLASS = YES_ERROR;
				CLANG_WARN_QUOTED_INCLUDE_IN_FRAMEWORK_HEADER = YES;
				CLANG_WARN_RANGE_LOOP_ANALYSIS = YES;
				CLANG_WARN_STRICT_PROTOTYPES = YES;
				CLANG_WARN_SUSPICIOUS_MOVE = YES;
				CLANG_WARN_UNGUARDED_AVAILABILITY = YES_AGGRESSIVE;
				CLANG_WARN_UNREACHABLE_CODE = YES;
				CLANG_WARN__DUPLICATE_METHOD_MATCH = YES;
				COPY_PHASE_STRIP = NO;
				DEBUG_INFORMATION_FORMAT = "dwarf-with-dsym";
				ENABLE_NS_ASSERTIONS = NO;
				ENABLE_STRICT_OBJC_MSGSEND = YES;
				ENABLE_USER_SCRIPT_SANDBOXING = YES;
				GCC_C_LANGUAGE_STANDARD = gnu17;
				GCC_NO_COMMON_BLOCKS = YES;
				GCC_WARN_64_TO_32_BIT_CONVERSION = YES;
				GCC_WARN_ABOUT_RETURN_TYPE = YES_ERROR;
				GCC_WARN_UNDECLARED_SELECTOR = YES;
				GCC_WARN_UNINITIALIZED_AUTOS = YES_AGGRESSIVE;
				GCC_WARN_UNUSED_FUNCTION = YES;
				GCC_WARN_UNUSED_VARIABLE = YES;
				LOCALIZATION_PREFERS_STRING_CATALOGS = YES;
				MACOSX_DEPLOYMENT_TARGET = 26.2;
				MTL_ENABLE_DEBUG_INFO = NO;
				MTL_FAST_MATH = YES;
				SDKROOT = macosx;
				SWIFT_COMPILATION_MODE = wholemodule;
			};
			name = Release;
		};
		966DFABF2F3C7CF600A90038 /* Debug */ = {
			isa = XCBuildConfiguration;
			buildSettings = {
				ASSETCATALOG_COMPILER_APPICON_NAME = AppIcon;
				ASSETCATALOG_COMPILER_GLOBAL_ACCENT_COLOR_NAME = AccentColor;
				CODE_SIGN_ENTITLEMENTS = ZenPlayer/ZenPlayer.entitlements;
				"CODE_SIGN_IDENTITY[sdk=macosx*]" = "-";
				CODE_SIGN_STYLE = Automatic;
				COMBINE_HIDPI_IMAGES = YES;
				CURRENT_PROJECT_VERSION = 110;
				DEVELOPMENT_TEAM = NTWSTCY88A;
				ENABLE_APP_SANDBOX = YES;
				ENABLE_PREVIEWS = YES;
				ENABLE_USER_SELECTED_FILES = readonly;
				GENERATE_INFOPLIST_FILE = YES;
				HEADER_SEARCH_PATHS = (
					"$(inherited)",
					"$(SRCROOT)/ZenPlayer/Libraries/RNNoise/src",
					"$(SRCROOT)/ZenPlayer/Libraries/RNNoise/include",
				);
				INFOPLIST_FILE = ZenPlayer/Info.plist;
				INFOPLIST_KEY_CFBundleDisplayName = "Zen Player";
				INFOPLIST_KEY_LSApplicationCategoryType = "public.app-category.education";
				INFOPLIST_KEY_LSSupportsOpeningDocumentsInPlace = YES;
				INFOPLIST_KEY_NSHumanReadableCopyright = "";
				INFOPLIST_KEY_NSLocalNetworkUsageDescription = "Atlantis 使用 Bonjour 服务将您的记录流量发送到 Proxyman 应用。";
				INFOPLIST_KEY_UIRequiresFullScreen = YES;
				INFOPLIST_KEY_UISupportedInterfaceOrientations = UIInterfaceOrientationPortrait;
				IPHONEOS_DEPLOYMENT_TARGET = 17;
				LD_RUNPATH_SEARCH_PATHS = (
					"$(inherited)",
					"@executable_path/../Frameworks",
				);
				MACOSX_DEPLOYMENT_TARGET = 14;
				MARKETING_VERSION = 1.1.0;
				PRODUCT_BUNDLE_IDENTIFIER = com.jiongxing.ZenPlayer;
				"PRODUCT_BUNDLE_IDENTIFIER[sdk=iphoneos*]" = com.dunkong.zenplayer;
				"PRODUCT_BUNDLE_IDENTIFIER[sdk=macosx*]" = com.dunkong.zenplayer;
				PRODUCT_NAME = "$(TARGET_NAME)";
				REGISTER_APP_GROUPS = YES;
				STRING_CATALOG_GENERATE_SYMBOLS = YES;
				SUPPORTED_PLATFORMS = "iphoneos iphonesimulator macosx";
				SUPPORTS_MACCATALYST = NO;
				SWIFT_APPROACHABLE_CONCURRENCY = YES;
				SWIFT_DEFAULT_ACTOR_ISOLATION = MainActor;
				SWIFT_EMIT_LOC_STRINGS = YES;
				SWIFT_INCLUDE_PATHS = "$(inherited) $(SRCROOT)/ZenPlayer/Libraries/RNNoise/include";
				SWIFT_UPCOMING_FEATURE_MEMBER_IMPORT_VISIBILITY = YES;
				SWIFT_VERSION = 5.0;
				TARGETED_DEVICE_FAMILY = 1;
			};
			name = Debug;
		};
		966DFAC02F3C7CF600A90038 /* Release */ = {
			isa = XCBuildConfiguration;
			buildSettings = {
				ASSETCATALOG_COMPILER_APPICON_NAME = AppIcon;
				ASSETCATALOG_COMPILER_GLOBAL_ACCENT_COLOR_NAME = AccentColor;
				CODE_SIGN_ENTITLEMENTS = ZenPlayer/ZenPlayer.entitlements;
				"CODE_SIGN_IDENTITY[sdk=macosx*]" = "-";
				CODE_SIGN_STYLE = Automatic;
				COMBINE_HIDPI_IMAGES = YES;
				CURRENT_PROJECT_VERSION = 110;
				DEVELOPMENT_TEAM = NTWSTCY88A;
				ENABLE_APP_SANDBOX = YES;
				ENABLE_PREVIEWS = YES;
				ENABLE_USER_SELECTED_FILES = readonly;
				GENERATE_INFOPLIST_FILE = YES;
				HEADER_SEARCH_PATHS = (
					"$(inherited)",
					"$(SRCROOT)/ZenPlayer/Libraries/RNNoise/src",
					"$(SRCROOT)/ZenPlayer/Libraries/RNNoise/include",
				);
				INFOPLIST_FILE = ZenPlayer/Info.plist;
				INFOPLIST_KEY_CFBundleDisplayName = "Zen Player";
				INFOPLIST_KEY_LSApplicationCategoryType = "public.app-category.education";
				INFOPLIST_KEY_LSSupportsOpeningDocumentsInPlace = YES;
				INFOPLIST_KEY_NSHumanReadableCopyright = "";
				INFOPLIST_KEY_NSLocalNetworkUsageDescription = "Atlantis 使用 Bonjour 服务将您的记录流量发送到 Proxyman 应用。";
				INFOPLIST_KEY_UIRequiresFullScreen = YES;
				INFOPLIST_KEY_UISupportedInterfaceOrientations = UIInterfaceOrientationPortrait;
				IPHONEOS_DEPLOYMENT_TARGET = 17;
				LD_RUNPATH_SEARCH_PATHS = (
					"$(inherited)",
					"@executable_path/../Frameworks",
				);
				MACOSX_DEPLOYMENT_TARGET = 14;
				MARKETING_VERSION = 1.1.0;
				PRODUCT_BUNDLE_IDENTIFIER = com.jiongxing.ZenPlayer;
				"PRODUCT_BUNDLE_IDENTIFIER[sdk=iphoneos*]" = com.dunkong.zenplayer;
				"PRODUCT_BUNDLE_IDENTIFIER[sdk=macosx*]" = com.dunkong.zenplayer;
				PRODUCT_NAME = "$(TARGET_NAME)";
				REGISTER_APP_GROUPS = YES;
				STRING_CATALOG_GENERATE_SYMBOLS = YES;
				SUPPORTED_PLATFORMS = "iphoneos iphonesimulator macosx";
				SUPPORTS_MACCATALYST = NO;
				SWIFT_APPROACHABLE_CONCURRENCY = YES;
				SWIFT_DEFAULT_ACTOR_ISOLATION = MainActor;
				SWIFT_EMIT_LOC_STRINGS = YES;
				SWIFT_INCLUDE_PATHS = "$(inherited) $(SRCROOT)/ZenPlayer/Libraries/RNNoise/include";
				SWIFT_UPCOMING_FEATURE_MEMBER_IMPORT_VISIBILITY = YES;
				SWIFT_VERSION = 5.0;
				TARGETED_DEVICE_FAMILY = 1;
			};
			name = Release;
		};
		2CF073304B307971054D5B14 = {isa = XCBuildConfiguration; buildSettings = {
 GENERATE_INFOPLIST_FILE = YES;
 PRODUCT_BUNDLE_IDENTIFIER = com.zenplayer.isolated-tests;
 PRODUCT_NAME = "$(TARGET_NAME)";
 SDKROOT = auto;
 SUPPORTED_PLATFORMS = "iphoneos iphonesimulator macosx";
 IPHONEOS_DEPLOYMENT_TARGET = 17;
 MACOSX_DEPLOYMENT_TARGET = 14;
 SWIFT_VERSION = 5.0;
 SWIFT_DEFAULT_ACTOR_ISOLATION = MainActor;
 SWIFT_APPROACHABLE_CONCURRENCY = YES;
 TARGETED_DEVICE_FAMILY = 1;
 CODE_SIGN_IDENTITY = "-";
 }; name = Debug; };
		822A725D5AD9B8B4C320F7E5 = {isa = XCBuildConfiguration; buildSettings = {
 GENERATE_INFOPLIST_FILE = YES;
 PRODUCT_BUNDLE_IDENTIFIER = com.zenplayer.isolated-tests;
 PRODUCT_NAME = "$(TARGET_NAME)";
 SDKROOT = auto;
 SUPPORTED_PLATFORMS = "iphoneos iphonesimulator macosx";
 IPHONEOS_DEPLOYMENT_TARGET = 17;
 MACOSX_DEPLOYMENT_TARGET = 14;
 SWIFT_VERSION = 5.0;
 SWIFT_DEFAULT_ACTOR_ISOLATION = MainActor;
 SWIFT_APPROACHABLE_CONCURRENCY = YES;
 TARGETED_DEVICE_FAMILY = 1;
 CODE_SIGN_IDENTITY = "-";
 }; name = Release; };
/* End XCBuildConfiguration section */

/* Begin XCConfigurationList section */
		966DFAAE2F3C7CF500A90038 /* Build configuration list for PBXProject "ZenPlayer" */ = {
			isa = XCConfigurationList;
			buildConfigurations = (
				966DFABC2F3C7CF600A90038 /* Debug */,
				966DFABD2F3C7CF600A90038 /* Release */,
			);
			defaultConfigurationIsVisible = 0;
			defaultConfigurationName = Release;
		};
		966DFABE2F3C7CF600A90038 /* Build configuration list for PBXNativeTarget "ZenPlayer" */ = {
			isa = XCConfigurationList;
			buildConfigurations = (
				966DFABF2F3C7CF600A90038 /* Debug */,
				966DFAC02F3C7CF600A90038 /* Release */,
			);
			defaultConfigurationIsVisible = 0;
			defaultConfigurationName = Release;
		};
		C7FEF3ED74640E71D4564C6A = {isa = XCConfigurationList; buildConfigurations = (2CF073304B307971054D5B14, 822A725D5AD9B8B4C320F7E5,); defaultConfigurationIsVisible = 0; defaultConfigurationName = Release; };
/* End XCConfigurationList section */

/* Begin XCRemoteSwiftPackageReference section */
		966DFB0F2F3CB1D400A90038 /* XCRemoteSwiftPackageReference "Kingfisher" */ = {
			isa = XCRemoteSwiftPackageReference;
			repositoryURL = "https://github.com/onevcat/Kingfisher.git";
			requirement = {
				kind = upToNextMajorVersion;
				minimumVersion = 8.6.2;
			};
		};
/* End XCRemoteSwiftPackageReference section */

/* Begin XCSwiftPackageProductDependency section */
		966DFB102F3CB1D400A90038 /* Kingfisher */ = {
			isa = XCSwiftPackageProductDependency;
			package = 966DFB0F2F3CB1D400A90038 /* XCRemoteSwiftPackageReference "Kingfisher" */;
			productName = Kingfisher;
		};
/* End XCSwiftPackageProductDependency section */
	};
	rootObject = 966DFAAB2F3C7CF500A90038 /* Project object */;
}
